// !$*UTF8*$!
{
	archiveVersion = 1;
	classes = {
	};
	objectVersion = 50;
	objects = {

/* Begin PBXBuildFile section */
		CD98395C228969F000E4C3BB /* CALayer+border.swift in Sources */ = {isa = PBXBuildFile; fileRef = CD98395B228969F000E4C3BB /* CALayer+border.swift */; };
		EE83E3432287E70100CAADB0 /* DetailBottomCell.swift in Sources */ = {isa = PBXBuildFile; fileRef = EE83E3412287E70100CAADB0 /* DetailBottomCell.swift */; };
		EE83E3442287E70100CAADB0 /* DetailBottomCell.xib in Resources */ = {isa = PBXBuildFile; fileRef = EE83E3422287E70100CAADB0 /* DetailBottomCell.xib */; };
		EE83E3462287EA0F00CAADB0 /* MGStarRatingView.framework in Frameworks */ = {isa = PBXBuildFile; fileRef = EE83E3452287EA0F00CAADB0 /* MGStarRatingView.framework */; };
		EE83E3472287EA0F00CAADB0 /* MGStarRatingView.framework in Embed Frameworks */ = {isa = PBXBuildFile; fileRef = EE83E3452287EA0F00CAADB0 /* MGStarRatingView.framework */; settings = {ATTRIBUTES = (CodeSignOnCopy, RemoveHeadersOnCopy, ); }; };
		EE83E34A2287F0A600CAADB0 /* DescriptionCell.swift in Sources */ = {isa = PBXBuildFile; fileRef = EE83E3482287F0A600CAADB0 /* DescriptionCell.swift */; };
		EE83E34B2287F0A600CAADB0 /* DescriptionCell.xib in Resources */ = {isa = PBXBuildFile; fileRef = EE83E3492287F0A600CAADB0 /* DescriptionCell.xib */; };
		EE83E34E2287F35F00CAADB0 /* CategoryCell.swift in Sources */ = {isa = PBXBuildFile; fileRef = EE83E34C2287F35F00CAADB0 /* CategoryCell.swift */; };
		EE83E34F2287F35F00CAADB0 /* CategoryCell.xib in Resources */ = {isa = PBXBuildFile; fileRef = EE83E34D2287F35F00CAADB0 /* CategoryCell.xib */; };
		EE83E35122880EDF00CAADB0 /* DetailStoreInfoViewController.swift in Sources */ = {isa = PBXBuildFile; fileRef = EE83E35022880EDF00CAADB0 /* DetailStoreInfoViewController.swift */; };
		EE83E35422881CBF00CAADB0 /* UIView+Round.swift in Sources */ = {isa = PBXBuildFile; fileRef = EE83E35322881CBF00CAADB0 /* UIView+Round.swift */; };
		EE83E35B2288272100CAADB0 /* StoreCollectionCell.swift in Sources */ = {isa = PBXBuildFile; fileRef = EE83E3592288272100CAADB0 /* StoreCollectionCell.swift */; };
		EE83E35C2288272100CAADB0 /* StoreCollectionCell.xib in Resources */ = {isa = PBXBuildFile; fileRef = EE83E35A2288272100CAADB0 /* StoreCollectionCell.xib */; };
		EE83E35E2288620B00CAADB0 /* CategoryLabel.swift in Sources */ = {isa = PBXBuildFile; fileRef = EE83E35D2288620B00CAADB0 /* CategoryLabel.swift */; };
		EEA2707B228730CC00ED7F23 /* DetailMainCell.swift in Sources */ = {isa = PBXBuildFile; fileRef = EEA27079228730CC00ED7F23 /* DetailMainCell.swift */; };
		EEA2707C228730CC00ED7F23 /* DetailMainCell.xib in Resources */ = {isa = PBXBuildFile; fileRef = EEA2707A228730CC00ED7F23 /* DetailMainCell.xib */; };
		EECFF10322869A8500CC0DE6 /* AppDelegate.swift in Sources */ = {isa = PBXBuildFile; fileRef = EECFF10222869A8500CC0DE6 /* AppDelegate.swift */; };
		EECFF10822869A8500CC0DE6 /* Main.storyboard in Resources */ = {isa = PBXBuildFile; fileRef = EECFF10622869A8500CC0DE6 /* Main.storyboard */; };
		EECFF10A22869A8700CC0DE6 /* Assets.xcassets in Resources */ = {isa = PBXBuildFile; fileRef = EECFF10922869A8700CC0DE6 /* Assets.xcassets */; };
		EECFF10D22869A8700CC0DE6 /* LaunchScreen.storyboard in Resources */ = {isa = PBXBuildFile; fileRef = EECFF10B22869A8700CC0DE6 /* LaunchScreen.storyboard */; };
		EECFF1172286A4E400CC0DE6 /* Alamofire.framework in Frameworks */ = {isa = PBXBuildFile; fileRef = EECFF1142286A4E300CC0DE6 /* Alamofire.framework */; };
		EECFF1182286A4E400CC0DE6 /* Alamofire.framework in Embed Frameworks */ = {isa = PBXBuildFile; fileRef = EECFF1142286A4E300CC0DE6 /* Alamofire.framework */; settings = {ATTRIBUTES = (CodeSignOnCopy, RemoveHeadersOnCopy, ); }; };
		EECFF1192286A4E400CC0DE6 /* Kingfisher.framework in Frameworks */ = {isa = PBXBuildFile; fileRef = EECFF1152286A4E300CC0DE6 /* Kingfisher.framework */; };
		EECFF11A2286A4E400CC0DE6 /* Kingfisher.framework in Embed Frameworks */ = {isa = PBXBuildFile; fileRef = EECFF1152286A4E300CC0DE6 /* Kingfisher.framework */; settings = {ATTRIBUTES = (CodeSignOnCopy, RemoveHeadersOnCopy, ); }; };
		EECFF11B2286A4E400CC0DE6 /* SnapKit.framework in Frameworks */ = {isa = PBXBuildFile; fileRef = EECFF1162286A4E400CC0DE6 /* SnapKit.framework */; };
		EECFF11C2286A4E400CC0DE6 /* SnapKit.framework in Embed Frameworks */ = {isa = PBXBuildFile; fileRef = EECFF1162286A4E400CC0DE6 /* SnapKit.framework */; settings = {ATTRIBUTES = (CodeSignOnCopy, RemoveHeadersOnCopy, ); }; };
		EECFF1212286BB4900CC0DE6 /* NetworkManager.swift in Sources */ = {isa = PBXBuildFile; fileRef = EECFF1202286BB4900CC0DE6 /* NetworkManager.swift */; };
		EECFF1242286BBBF00CC0DE6 /* SearchStoreModel.swift in Sources */ = {isa = PBXBuildFile; fileRef = EECFF1232286BBBF00CC0DE6 /* SearchStoreModel.swift */; };
		EECFF1262286D03300CC0DE6 /* SearchError.swift in Sources */ = {isa = PBXBuildFile; fileRef = EECFF1252286D03300CC0DE6 /* SearchError.swift */; };
		EECFF1572287292700CC0DE6 /* MainListViewController.swift in Sources */ = {isa = PBXBuildFile; fileRef = EECFF1562287292700CC0DE6 /* MainListViewController.swift */; };
		EECFF15C22872A3600CC0DE6 /* MainListCell.swift in Sources */ = {isa = PBXBuildFile; fileRef = EECFF15A22872A3600CC0DE6 /* MainListCell.swift */; };
		EECFF15D22872A3600CC0DE6 /* MainListCell.xib in Resources */ = {isa = PBXBuildFile; fileRef = EECFF15B22872A3600CC0DE6 /* MainListCell.xib */; };
/* End PBXBuildFile section */

/* Begin PBXCopyFilesBuildPhase section */
		EECFF11D2286A4E400CC0DE6 /* Embed Frameworks */ = {
			isa = PBXCopyFilesBuildPhase;
			buildActionMask = 2147483647;
			dstPath = "";
			dstSubfolderSpec = 10;
			files = (
				EE83E3472287EA0F00CAADB0 /* MGStarRatingView.framework in Embed Frameworks */,
				EECFF11C2286A4E400CC0DE6 /* SnapKit.framework in Embed Frameworks */,
				EECFF11A2286A4E400CC0DE6 /* Kingfisher.framework in Embed Frameworks */,
				EECFF1182286A4E400CC0DE6 /* Alamofire.framework in Embed Frameworks */,
			);
			name = "Embed Frameworks";
			runOnlyForDeploymentPostprocessing = 0;
		};
/* End PBXCopyFilesBuildPhase section */

/* Begin PBXFileReference section */
		CD98395B228969F000E4C3BB /* CALayer+border.swift */ = {isa = PBXFileReference; lastKnownFileType = sourcecode.swift; path = "CALayer+border.swift"; sourceTree = "<group>"; };
		EE83E3412287E70100CAADB0 /* DetailBottomCell.swift */ = {isa = PBXFileReference; lastKnownFileType = sourcecode.swift; path = DetailBottomCell.swift; sourceTree = "<group>"; };
		EE83E3422287E70100CAADB0 /* DetailBottomCell.xib */ = {isa = PBXFileReference; lastKnownFileType = file.xib; path = DetailBottomCell.xib; sourceTree = "<group>"; };
		EE83E3452287EA0F00CAADB0 /* MGStarRatingView.framework */ = {isa = PBXFileReference; lastKnownFileType = wrapper.framework; name = MGStarRatingView.framework; path = Carthage/Build/iOS/MGStarRatingView.framework; sourceTree = "<group>"; };
		EE83E3482287F0A600CAADB0 /* DescriptionCell.swift */ = {isa = PBXFileReference; lastKnownFileType = sourcecode.swift; path = DescriptionCell.swift; sourceTree = "<group>"; };
		EE83E3492287F0A600CAADB0 /* DescriptionCell.xib */ = {isa = PBXFileReference; lastKnownFileType = file.xib; path = DescriptionCell.xib; sourceTree = "<group>"; };
		EE83E34C2287F35F00CAADB0 /* CategoryCell.swift */ = {isa = PBXFileReference; lastKnownFileType = sourcecode.swift; path = CategoryCell.swift; sourceTree = "<group>"; };
		EE83E34D2287F35F00CAADB0 /* CategoryCell.xib */ = {isa = PBXFileReference; lastKnownFileType = file.xib; path = CategoryCell.xib; sourceTree = "<group>"; };
		EE83E35022880EDF00CAADB0 /* DetailStoreInfoViewController.swift */ = {isa = PBXFileReference; lastKnownFileType = sourcecode.swift; path = DetailStoreInfoViewController.swift; sourceTree = "<group>"; };
		EE83E35322881CBF00CAADB0 /* UIView+Round.swift */ = {isa = PBXFileReference; lastKnownFileType = sourcecode.swift; path = "UIView+Round.swift"; sourceTree = "<group>"; };
		EE83E3592288272100CAADB0 /* StoreCollectionCell.swift */ = {isa = PBXFileReference; lastKnownFileType = sourcecode.swift; path = StoreCollectionCell.swift; sourceTree = "<group>"; };
		EE83E35A2288272100CAADB0 /* StoreCollectionCell.xib */ = {isa = PBXFileReference; lastKnownFileType = file.xib; path = StoreCollectionCell.xib; sourceTree = "<group>"; };
		EE83E35D2288620B00CAADB0 /* CategoryLabel.swift */ = {isa = PBXFileReference; lastKnownFileType = sourcecode.swift; path = CategoryLabel.swift; sourceTree = "<group>"; };
		EEA27079228730CC00ED7F23 /* DetailMainCell.swift */ = {isa = PBXFileReference; lastKnownFileType = sourcecode.swift; path = DetailMainCell.swift; sourceTree = "<group>"; };
		EEA2707A228730CC00ED7F23 /* DetailMainCell.xib */ = {isa = PBXFileReference; lastKnownFileType = file.xib; path = DetailMainCell.xib; sourceTree = "<group>"; };
		EECFF0FF22869A8500CC0DE6 /* Store.app */ = {isa = PBXFileReference; explicitFileType = wrapper.application; includeInIndex = 0; path = Store.app; sourceTree = BUILT_PRODUCTS_DIR; };
		EECFF10222869A8500CC0DE6 /* AppDelegate.swift */ = {isa = PBXFileReference; lastKnownFileType = sourcecode.swift; path = AppDelegate.swift; sourceTree = "<group>"; };
		EECFF10722869A8500CC0DE6 /* Base */ = {isa = PBXFileReference; lastKnownFileType = file.storyboard; name = Base; path = Base.lproj/Main.storyboard; sourceTree = "<group>"; };
		EECFF10922869A8700CC0DE6 /* Assets.xcassets */ = {isa = PBXFileReference; lastKnownFileType = folder.assetcatalog; path = Assets.xcassets; sourceTree = "<group>"; };
		EECFF10C22869A8700CC0DE6 /* Base */ = {isa = PBXFileReference; lastKnownFileType = file.storyboard; name = Base; path = Base.lproj/LaunchScreen.storyboard; sourceTree = "<group>"; };
		EECFF10E22869A8700CC0DE6 /* Info.plist */ = {isa = PBXFileReference; lastKnownFileType = text.plist.xml; path = Info.plist; sourceTree = "<group>"; };
		EECFF1142286A4E300CC0DE6 /* Alamofire.framework */ = {isa = PBXFileReference; lastKnownFileType = wrapper.framework; name = Alamofire.framework; path = Carthage/Build/iOS/Alamofire.framework; sourceTree = "<group>"; };
		EECFF1152286A4E300CC0DE6 /* Kingfisher.framework */ = {isa = PBXFileReference; lastKnownFileType = wrapper.framework; name = Kingfisher.framework; path = Carthage/Build/iOS/Kingfisher.framework; sourceTree = "<group>"; };
		EECFF1162286A4E400CC0DE6 /* SnapKit.framework */ = {isa = PBXFileReference; lastKnownFileType = wrapper.framework; name = SnapKit.framework; path = Carthage/Build/iOS/SnapKit.framework; sourceTree = "<group>"; };
		EECFF1202286BB4900CC0DE6 /* NetworkManager.swift */ = {isa = PBXFileReference; lastKnownFileType = sourcecode.swift; path = NetworkManager.swift; sourceTree = "<group>"; };
		EECFF1232286BBBF00CC0DE6 /* SearchStoreModel.swift */ = {isa = PBXFileReference; lastKnownFileType = sourcecode.swift; path = SearchStoreModel.swift; sourceTree = "<group>"; };
		EECFF1252286D03300CC0DE6 /* SearchError.swift */ = {isa = PBXFileReference; lastKnownFileType = sourcecode.swift; path = SearchError.swift; sourceTree = "<group>"; };
		EECFF1562287292700CC0DE6 /* MainListViewController.swift */ = {isa = PBXFileReference; lastKnownFileType = sourcecode.swift; path = MainListViewController.swift; sourceTree = "<group>"; };
		EECFF15A22872A3600CC0DE6 /* MainListCell.swift */ = {isa = PBXFileReference; lastKnownFileType = sourcecode.swift; path = MainListCell.swift; sourceTree = "<group>"; };
		EECFF15B22872A3600CC0DE6 /* MainListCell.xib */ = {isa = PBXFileReference; lastKnownFileType = file.xib; path = MainListCell.xib; sourceTree = "<group>"; };
/* End PBXFileReference section */

/* Begin PBXFrameworksBuildPhase section */
		EECFF0FC22869A8500CC0DE6 /* Frameworks */ = {
			isa = PBXFrameworksBuildPhase;
			buildActionMask = 2147483647;
			files = (
				EE83E3462287EA0F00CAADB0 /* MGStarRatingView.framework in Frameworks */,
				EECFF11B2286A4E400CC0DE6 /* SnapKit.framework in Frameworks */,
				EECFF1192286A4E400CC0DE6 /* Kingfisher.framework in Frameworks */,
				EECFF1172286A4E400CC0DE6 /* Alamofire.framework in Frameworks */,
			);
			runOnlyForDeploymentPostprocessing = 0;
		};
/* End PBXFrameworksBuildPhase section */

/* Begin PBXGroup section */
		EE83E35222881C9700CAADB0 /* Extension */ = {
			isa = PBXGroup;
			children = (
				EE83E35322881CBF00CAADB0 /* UIView+Round.swift */,
				CD98395B228969F000E4C3BB /* CALayer+border.swift */,
			);
			path = Extension;
			sourceTree = "<group>";
		};
		EECFF0F622869A8500CC0DE6 = {
			isa = PBXGroup;
			children = (
				EE83E3452287EA0F00CAADB0 /* MGStarRatingView.framework */,
				EECFF1142286A4E300CC0DE6 /* Alamofire.framework */,
				EECFF1152286A4E300CC0DE6 /* Kingfisher.framework */,
				EECFF1162286A4E400CC0DE6 /* SnapKit.framework */,
				EECFF10122869A8500CC0DE6 /* Store */,
				EECFF10022869A8500CC0DE6 /* Products */,
			);
			sourceTree = "<group>";
		};
		EECFF10022869A8500CC0DE6 /* Products */ = {
			isa = PBXGroup;
			children = (
				EECFF0FF22869A8500CC0DE6 /* Store.app */,
			);
			name = Products;
			sourceTree = "<group>";
		};
		EECFF10122869A8500CC0DE6 /* Store */ = {
			isa = PBXGroup;
			children = (
				EECFF10222869A8500CC0DE6 /* AppDelegate.swift */,
				EECFF11F2286A8CA00CC0DE6 /* Network */,
				EECFF1222286BB8D00CC0DE6 /* Model */,
				EECFF153228728E200CC0DE6 /* Controller */,
				EECFF1552287290000CC0DE6 /* View */,
				EE83E35222881C9700CAADB0 /* Extension */,
				EECFF10622869A8500CC0DE6 /* Main.storyboard */,
				EECFF10922869A8700CC0DE6 /* Assets.xcassets */,
				EECFF10B22869A8700CC0DE6 /* LaunchScreen.storyboard */,
				EECFF10E22869A8700CC0DE6 /* Info.plist */,
			);
			path = Store;
			sourceTree = "<group>";
		};
		EECFF11F2286A8CA00CC0DE6 /* Network */ = {
			isa = PBXGroup;
			children = (
				EECFF1202286BB4900CC0DE6 /* NetworkManager.swift */,
				EECFF1252286D03300CC0DE6 /* SearchError.swift */,
			);
			path = Network;
			sourceTree = "<group>";
		};
		EECFF1222286BB8D00CC0DE6 /* Model */ = {
			isa = PBXGroup;
			children = (
				EECFF1232286BBBF00CC0DE6 /* SearchStoreModel.swift */,
			);
			path = Model;
			sourceTree = "<group>";
		};
		EECFF153228728E200CC0DE6 /* Controller */ = {
			isa = PBXGroup;
			children = (
				EECFF1562287292700CC0DE6 /* MainListViewController.swift */,
				EE83E35022880EDF00CAADB0 /* DetailStoreInfoViewController.swift */,
			);
			path = Controller;
			sourceTree = "<group>";
		};
		EECFF154228728EE00CC0DE6 /* Cell */ = {
			isa = PBXGroup;
			children = (
				EECFF15A22872A3600CC0DE6 /* MainListCell.swift */,
				EECFF15B22872A3600CC0DE6 /* MainListCell.xib */,
				EEA27079228730CC00ED7F23 /* DetailMainCell.swift */,
				EEA2707A228730CC00ED7F23 /* DetailMainCell.xib */,
				EE83E3412287E70100CAADB0 /* DetailBottomCell.swift */,
				EE83E3422287E70100CAADB0 /* DetailBottomCell.xib */,
				EE83E3482287F0A600CAADB0 /* DescriptionCell.swift */,
				EE83E3492287F0A600CAADB0 /* DescriptionCell.xib */,
				EE83E34C2287F35F00CAADB0 /* CategoryCell.swift */,
				EE83E34D2287F35F00CAADB0 /* CategoryCell.xib */,
				EE83E3592288272100CAADB0 /* StoreCollectionCell.swift */,
				EE83E35A2288272100CAADB0 /* StoreCollectionCell.xib */,
			);
			path = Cell;
			sourceTree = "<group>";
		};
		EECFF1552287290000CC0DE6 /* View */ = {
			isa = PBXGroup;
			children = (
				EE83E35D2288620B00CAADB0 /* CategoryLabel.swift */,
				EECFF154228728EE00CC0DE6 /* Cell */,
			);
			path = View;
			sourceTree = "<group>";
		};
/* End PBXGroup section */

/* Begin PBXNativeTarget section */
		EECFF0FE22869A8500CC0DE6 /* Store */ = {
			isa = PBXNativeTarget;
			buildConfigurationList = EECFF11122869A8700CC0DE6 /* Build configuration list for PBXNativeTarget "Store" */;
			buildPhases = (
				EECFF0FB22869A8500CC0DE6 /* Sources */,
				EECFF0FC22869A8500CC0DE6 /* Frameworks */,
				EECFF0FD22869A8500CC0DE6 /* Resources */,
				EECFF11D2286A4E400CC0DE6 /* Embed Frameworks */,
				EECFF11E2286A4EA00CC0DE6 /* ShellScript */,
			);
			buildRules = (
			);
			dependencies = (
			);
			name = Store;
			productName = Store;
			productReference = EECFF0FF22869A8500CC0DE6 /* Store.app */;
			productType = "com.apple.product-type.application";
		};
/* End PBXNativeTarget section */

/* Begin PBXProject section */
		EECFF0F722869A8500CC0DE6 /* Project object */ = {
			isa = PBXProject;
			attributes = {
				LastSwiftUpdateCheck = 1010;
				LastUpgradeCheck = 1010;
				ORGANIZATIONNAME = hryang;
				TargetAttributes = {
					EECFF0FE22869A8500CC0DE6 = {
						CreatedOnToolsVersion = 10.1;
					};
				};
			};
			buildConfigurationList = EECFF0FA22869A8500CC0DE6 /* Build configuration list for PBXProject "Store" */;
			compatibilityVersion = "Xcode 9.3";
			developmentRegion = en;
			hasScannedForEncodings = 0;
			knownRegions = (
				en,
				Base,
			);
			mainGroup = EECFF0F622869A8500CC0DE6;
			productRefGroup = EECFF10022869A8500CC0DE6 /* Products */;
			projectDirPath = "";
			projectRoot = "";
			targets = (
				EECFF0FE22869A8500CC0DE6 /* Store */,
			);
		};
/* End PBXProject section */

/* Begin PBXResourcesBuildPhase section */
		EECFF0FD22869A8500CC0DE6 /* Resources */ = {
			isa = PBXResourcesBuildPhase;
			buildActionMask = 2147483647;
			files = (
				EECFF10D22869A8700CC0DE6 /* LaunchScreen.storyboard in Resources */,
				EE83E3442287E70100CAADB0 /* DetailBottomCell.xib in Resources */,
				EECFF10A22869A8700CC0DE6 /* Assets.xcassets in Resources */,
				EECFF15D22872A3600CC0DE6 /* MainListCell.xib in Resources */,
				EECFF10822869A8500CC0DE6 /* Main.storyboard in Resources */,
				EE83E34B2287F0A600CAADB0 /* DescriptionCell.xib in Resources */,
				EEA2707C228730CC00ED7F23 /* DetailMainCell.xib in Resources */,
				EE83E34F2287F35F00CAADB0 /* CategoryCell.xib in Resources */,
				EE83E35C2288272100CAADB0 /* StoreCollectionCell.xib in Resources */,
			);
			runOnlyForDeploymentPostprocessing = 0;
		};
/* End PBXResourcesBuildPhase section */

/* Begin PBXShellScriptBuildPhase section */
		EECFF11E2286A4EA00CC0DE6 /* ShellScript */ = {
			isa = PBXShellScriptBuildPhase;
			buildActionMask = 2147483647;
			files = (
			);
			inputPaths = (
				"$(SRCROOT)/Carthage/Build/iOS/Alamofire.framework",
				"$(SRCROOT)/Carthage/Build/iOS/SnapKit.framework",
				"$(SRCROOT)/Carthage/Build/iOS/Kingfisher.framework",
				"$(SRCROOT)/Carthage/Build/iOS/MGStarRatingView.framework",
			);
			outputPaths = (
			);
			runOnlyForDeploymentPostprocessing = 0;
			shellPath = /bin/sh;
			shellScript = "# Type a script or drag a script file from your workspace to insert its path.\n";
		};
/* End PBXShellScriptBuildPhase section */

/* Begin PBXSourcesBuildPhase section */
		EECFF0FB22869A8500CC0DE6 /* Sources */ = {
			isa = PBXSourcesBuildPhase;
			buildActionMask = 2147483647;
			files = (
				EEA2707B228730CC00ED7F23 /* DetailMainCell.swift in Sources */,
				CD98395C228969F000E4C3BB /* CALayer+border.swift in Sources */,
				EE83E3432287E70100CAADB0 /* DetailBottomCell.swift in Sources */,
				EE83E34A2287F0A600CAADB0 /* DescriptionCell.swift in Sources */,
				EECFF15C22872A3600CC0DE6 /* MainListCell.swift in Sources */,
				EECFF1212286BB4900CC0DE6 /* NetworkManager.swift in Sources */,
				EE83E35122880EDF00CAADB0 /* DetailStoreInfoViewController.swift in Sources */,
				EE83E35E2288620B00CAADB0 /* CategoryLabel.swift in Sources */,
				EECFF1262286D03300CC0DE6 /* SearchError.swift in Sources */,
				EECFF1242286BBBF00CC0DE6 /* SearchStoreModel.swift in Sources */,
				EECFF1572287292700CC0DE6 /* MainListViewController.swift in Sources */,
				EE83E35422881CBF00CAADB0 /* UIView+Round.swift in Sources */,
				EECFF10322869A8500CC0DE6 /* AppDelegate.swift in Sources */,
				EE83E34E2287F35F00CAADB0 /* CategoryCell.swift in Sources */,
				EE83E35B2288272100CAADB0 /* StoreCollectionCell.swift in Sources */,
			);
			runOnlyForDeploymentPostprocessing = 0;
		};
/* End PBXSourcesBuildPhase section */

/* Begin PBXVariantGroup section */
		EECFF10622869A8500CC0DE6 /* Main.storyboard */ = {
			isa = PBXVariantGroup;
			children = (
				EECFF10722869A8500CC0DE6 /* Base */,
			);
			name = Main.storyboard;
			sourceTree = "<group>";
		};
		EECFF10B22869A8700CC0DE6 /* LaunchScreen.storyboard */ = {
			isa = PBXVariantGroup;
			children = (
				EECFF10C22869A8700CC0DE6 /* Base */,
			);
			name = LaunchScreen.storyboard;
			sourceTree = "<group>";
		};
/* End PBXVariantGroup section */

/* Begin XCBuildConfiguration section */
		EECFF10F22869A8700CC0DE6 /* Debug */ = {
			isa = XCBuildConfiguration;
			buildSettings = {
				ALWAYS_SEARCH_USER_PATHS = NO;
				CLANG_ANALYZER_NONNULL = YES;
				CLANG_ANALYZER_NUMBER_OBJECT_CONVERSION = YES_AGGRESSIVE;
				CLANG_CXX_LANGUAGE_STANDARD = "gnu++14";
				CLANG_CXX_LIBRARY = "libc++";
				CLANG_ENABLE_MODULES = YES;
				CLANG_ENABLE_OBJC_ARC = YES;
				CLANG_ENABLE_OBJC_WEAK = YES;
				CLANG_WARN_BLOCK_CAPTURE_AUTORELEASING = YES;
				CLANG_WARN_BOOL_CONVERSION = YES;
				CLANG_WARN_COMMA = YES;
				CLANG_WARN_CONSTANT_CONVERSION = YES;
				CLANG_WARN_DEPRECATED_OBJC_IMPLEMENTATIONS = YES;
				CLANG_WARN_DIRECT_OBJC_ISA_USAGE = YES_ERROR;
				CLANG_WARN_DOCUMENTATION_COMMENTS = YES;
				CLANG_WARN_EMPTY_BODY = YES;
				CLANG_WARN_ENUM_CONVERSION = YES;
				CLANG_WARN_INFINITE_RECURSION = YES;
				CLANG_WARN_INT_CONVERSION = YES;
				CLANG_WARN_NON_LITERAL_NULL_CONVERSION = YES;
				CLANG_WARN_OBJC_IMPLICIT_RETAIN_SELF = YES;
				CLANG_WARN_OBJC_LITERAL_CONVERSION = YES;
				CLANG_WARN_OBJC_ROOT_CLASS = YES_ERROR;
				CLANG_WARN_RANGE_LOOP_ANALYSIS = YES;
				CLANG_WARN_STRICT_PROTOTYPES = YES;
				CLANG_WARN_SUSPICIOUS_MOVE = YES;
				CLANG_WARN_UNGUARDED_AVAILABILITY = YES_AGGRESSIVE;
				CLANG_WARN_UNREACHABLE_CODE = YES;
				CLANG_WARN__DUPLICATE_METHOD_MATCH = YES;
				CODE_SIGN_IDENTITY = "iPhone Developer";
				COPY_PHASE_STRIP = NO;
				DEBUG_INFORMATION_FORMAT = dwarf;
				ENABLE_STRICT_OBJC_MSGSEND = YES;
				ENABLE_TESTABILITY = YES;
				GCC_C_LANGUAGE_STANDARD = gnu11;
				GCC_DYNAMIC_NO_PIC = NO;
				GCC_NO_COMMON_BLOCKS = YES;
				GCC_OPTIMIZATION_LEVEL = 0;
				GCC_PREPROCESSOR_DEFINITIONS = (
					"DEBUG=1",
					"$(inherited)",
				);
				GCC_WARN_64_TO_32_BIT_CONVERSION = YES;
				GCC_WARN_ABOUT_RETURN_TYPE = YES_ERROR;
				GCC_WARN_UNDECLARED_SELECTOR = YES;
				GCC_WARN_UNINITIALIZED_AUTOS = YES_AGGRESSIVE;
				GCC_WARN_UNUSED_FUNCTION = YES;
				GCC_WARN_UNUSED_VARIABLE = YES;
				IPHONEOS_DEPLOYMENT_TARGET = 12.1;
				MTL_ENABLE_DEBUG_INFO = INCLUDE_SOURCE;
				MTL_FAST_MATH = YES;
				ONLY_ACTIVE_ARCH = YES;
				SDKROOT = iphoneos;
				SWIFT_ACTIVE_COMPILATION_CONDITIONS = DEBUG;
				SWIFT_OPTIMIZATION_LEVEL = "-Onone";
				SWIFT_VERSION = 4.0;
			};
			name = Debug;
		};
		EECFF11022869A8700CC0DE6 /* Release */ = {
			isa = XCBuildConfiguration;
			buildSettings = {
				ALWAYS_SEARCH_USER_PATHS = NO;
				CLANG_ANALYZER_NONNULL = YES;
				CLANG_ANALYZER_NUMBER_OBJECT_CONVERSION = YES_AGGRESSIVE;
				CLANG_CXX_LANGUAGE_STANDARD = "gnu++14";
				CLANG_CXX_LIBRARY = "libc++";
				CLANG_ENABLE_MODULES = YES;
				CLANG_ENABLE_OBJC_ARC = YES;
				CLANG_ENABLE_OBJC_WEAK = YES;
				CLANG_WARN_BLOCK_CAPTURE_AUTORELEASING = YES;
				CLANG_WARN_BOOL_CONVERSION = YES;
				CLANG_WARN_COMMA = YES;
				CLANG_WARN_CONSTANT_CONVERSION = YES;
				CLANG_WARN_DEPRECATED_OBJC_IMPLEMENTATIONS = YES;
				CLANG_WARN_DIRECT_OBJC_ISA_USAGE = YES_ERROR;
				CLANG_WARN_DOCUMENTATION_COMMENTS = YES;
				CLANG_WARN_EMPTY_BODY = YES;
				CLANG_WARN_ENUM_CONVERSION = YES;
				CLANG_WARN_INFINITE_RECURSION = YES;
				CLANG_WARN_INT_CONVERSION = YES;
				CLANG_WARN_NON_LITERAL_NULL_CONVERSION = YES;
				CLANG_WARN_OBJC_IMPLICIT_RETAIN_SELF = YES;
				CLANG_WARN_OBJC_LITERAL_CONVERSION = YES;
				CLANG_WARN_OBJC_ROOT_CLASS = YES_ERROR;
				CLANG_WARN_RANGE_LOOP_ANALYSIS = YES;
				CLANG_WARN_STRICT_PROTOTYPES = YES;
				CLANG_WARN_SUSPICIOUS_MOVE = YES;
				CLANG_WARN_UNGUARDED_AVAILABILITY = YES_AGGRESSIVE;
				CLANG_WARN_UNREACHABLE_CODE = YES;
				CLANG_WARN__DUPLICATE_METHOD_MATCH = YES;
				CODE_SIGN_IDENTITY = "iPhone Developer";
				COPY_PHASE_STRIP = NO;
				DEBUG_INFORMATION_FORMAT = "dwarf-with-dsym";
				ENABLE_NS_ASSERTIONS = NO;
				ENABLE_STRICT_OBJC_MSGSEND = YES;
				GCC_C_LANGUAGE_STANDARD = gnu11;
				GCC_NO_COMMON_BLOCKS = YES;
				GCC_WARN_64_TO_32_BIT_CONVERSION = YES;
				GCC_WARN_ABOUT_RETURN_TYPE = YES_ERROR;
				GCC_WARN_UNDECLARED_SELECTOR = YES;
				GCC_WARN_UNINITIALIZED_AUTOS = YES_AGGRESSIVE;
				GCC_WARN_UNUSED_FUNCTION = YES;
				GCC_WARN_UNUSED_VARIABLE = YES;
				IPHONEOS_DEPLOYMENT_TARGET = 12.1;
				MTL_ENABLE_DEBUG_INFO = NO;
				MTL_FAST_MATH = YES;
				SDKROOT = iphoneos;
				SWIFT_COMPILATION_MODE = wholemodule;
				SWIFT_OPTIMIZATION_LEVEL = "-O";
				SWIFT_VERSION = 4.0;
				VALIDATE_PRODUCT = YES;
			};
			name = Release;
		};
		EECFF11222869A8700CC0DE6 /* Debug */ = {
			isa = XCBuildConfiguration;
			buildSettings = {
				ASSETCATALOG_COMPILER_APPICON_NAME = AppIcon;
				CODE_SIGN_STYLE = Automatic;
				DEVELOPMENT_TEAM = 46KU9784X4;
				FRAMEWORK_SEARCH_PATHS = (
					"$(inherited)",
					"$(PROJECT_DIR)/Carthage/Build/iOS",
				);
				INFOPLIST_FILE = Store/Info.plist;
				IPHONEOS_DEPLOYMENT_TARGET = 11.0;
				LD_RUNPATH_SEARCH_PATHS = (
					"$(inherited)",
					"@executable_path/Frameworks",
				);
				PRODUCT_BUNDLE_IDENTIFIER = com.hr.Store;
				PRODUCT_NAME = "$(TARGET_NAME)";
				SWIFT_VERSION = 4.2;
				TARGETED_DEVICE_FAMILY = "1,2";
			};
			name = Debug;
		};
		EECFF11322869A8700CC0DE6 /* Release */ = {
			isa = XCBuildConfiguration;
			buildSettings = {
				ASSETCATALOG_COMPILER_APPICON_NAME = AppIcon;
				CODE_SIGN_STYLE = Automatic;
				DEVELOPMENT_TEAM = 46KU9784X4;
				FRAMEWORK_SEARCH_PATHS = (
					"$(inherited)",
					"$(PROJECT_DIR)/Carthage/Build/iOS",
				);
				INFOPLIST_FILE = Store/Info.plist;
				IPHONEOS_DEPLOYMENT_TARGET = 11.0;
				LD_RUNPATH_SEARCH_PATHS = (
					"$(inherited)",
					"@executable_path/Frameworks",
				);
				PRODUCT_BUNDLE_IDENTIFIER = com.hr.Store;
				PRODUCT_NAME = "$(TARGET_NAME)";
				SWIFT_VERSION = 4.2;
				TARGETED_DEVICE_FAMILY = "1,2";
			};
			name = Release;
		};
/* End XCBuildConfiguration section */

/* Begin XCConfigurationList section */
		EECFF0FA22869A8500CC0DE6 /* Build configuration list for PBXProject "Store" */ = {
			isa = XCConfigurationList;
			buildConfigurations = (
				EECFF10F22869A8700CC0DE6 /* Debug */,
				EECFF11022869A8700CC0DE6 /* Release */,
			);
			defaultConfigurationIsVisible = 0;
			defaultConfigurationName = Release;
		};
		EECFF11122869A8700CC0DE6 /* Build configuration list for PBXNativeTarget "Store" */ = {
			isa = XCConfigurationList;
			buildConfigurations = (
				EECFF11222869A8700CC0DE6 /* Debug */,
				EECFF11322869A8700CC0DE6 /* Release */,
			);
			defaultConfigurationIsVisible = 0;
			defaultConfigurationName = Release;
		};
/* End XCConfigurationList section */
	};
	rootObject = EECFF0F722869A8500CC0DE6 /* Project object */;
}
